
Microsoft Visual Studio Solution File, Format Version 11.00
# Visual Studio 2010
Project("{D2ABAB84-BF74-430A-B69E-9DC6D40DDA17}") = "ifis_notam", "ifis_notam\ifis_notam.dwproj", "{CA4F89A4-F79E-4713-AF20-0E48D1E49273}"
EndProject
Global
	GlobalSection(SolutionConfigurationPlatforms) = preSolution
		Development|Default = Development|Default
	EndGlobalSection
	GlobalSection(ProjectConfigurationPlatforms) = postSolution
		{CA4F89A4-F79E-4713-AF20-0E48D1E49273}.Development|Default.ActiveCfg = Development
		{CA4F89A4-F79E-4713-AF20-0E48D1E49273}.Development|Default.Build.0 = Development
		{CA4F89A4-F79E-4713-AF20-0E48D1E49273}.Development|Default.Deploy.0 = Development
	EndGlobalSection
	GlobalSection(SolutionProperties) = preSolution
		HideSolutionNode = FALSE
	EndGlobalSection
EndGlobal
