
Microsoft Visual Studio Solution File, Format Version 12.00
# Visual Studio 2013
VisualStudioVersion = 12.0.21005.1
MinimumVisualStudioVersion = 10.0.40219.1
Project("{D2ABAB84-BF74-430A-B69E-9DC6D40DDA17}") = "ifis_estadisticas", "ifis_estadisticas\ifis_estadisticas.dwproj", "{E5491E13-F301-4C93-9BEF-86246B586616}"
EndProject
Global
	GlobalSection(SolutionConfigurationPlatforms) = preSolution
		Development|Default = Development|Default
	EndGlobalSection
	GlobalSection(ProjectConfigurationPlatforms) = postSolution
		{E5491E13-F301-4C93-9BEF-86246B586616}.Development|Default.ActiveCfg = Development
		{E5491E13-F301-4C93-9BEF-86246B586616}.Development|Default.Build.0 = Development
		{E5491E13-F301-4C93-9BEF-86246B586616}.Development|Default.Deploy.0 = Development
	EndGlobalSection
	GlobalSection(SolutionProperties) = preSolution
		HideSolutionNode = FALSE
	EndGlobalSection
EndGlobal
