
Microsoft Visual Studio Solution File, Format Version 12.00
# Visual Studio 2013
VisualStudioVersion = 12.0.21005.1
MinimumVisualStudioVersion = 10.0.40219.1
Project("{D2ABAB84-BF74-430A-B69E-9DC6D40DDA17}") = "ifis_externos", "ifis_externos\ifis_externos.dwproj", "{C64DB4D9-9821-489F-A2BC-D91A7CEC411F}"
EndProject
Global
	GlobalSection(SolutionConfigurationPlatforms) = preSolution
		Development|Default = Development|Default
	EndGlobalSection
	GlobalSection(ProjectConfigurationPlatforms) = postSolution
		{C64DB4D9-9821-489F-A2BC-D91A7CEC411F}.Development|Default.ActiveCfg = Development
		{C64DB4D9-9821-489F-A2BC-D91A7CEC411F}.Development|Default.Build.0 = Development
		{C64DB4D9-9821-489F-A2BC-D91A7CEC411F}.Development|Default.Deploy.0 = Development
	EndGlobalSection
	GlobalSection(SolutionProperties) = preSolution
		HideSolutionNode = FALSE
	EndGlobalSection
EndGlobal
